// !$*UTF8*$!
{
	archiveVersion = 1;
	classes = {
	};
	objectVersion = 55;
	objects = {

/* Begin PBXBuildFile section */
		A72BD3B829B3DFAB004A0000 /* SetupManager.swift in Sources */ = {isa = PBXBuildFile; fileRef = A72BD3B729B3DFAA004A0000 /* SetupManager.swift */; };
		A7785CB229B3F21C002D52FF /* AppCoordinator.swift in Sources */ = {isa = PBXBuildFile; fileRef = A7785CB129B3F21C002D52FF /* AppCoordinator.swift */; };
		A782558229C7DEC700263D5D /* SFSafeSymbols in Frameworks */ = {isa = PBXBuildFile; productRef = A782558129C7DEC700263D5D /* SFSafeSymbols */; };
		F218B5F729870A1C00FC6435 /* Localizable.strings in Resources */ = {isa = PBXBuildFile; fileRef = F218B5F629870A1C00FC6435 /* Localizable.strings */; };
		F24198902987140800DE5BF8 /* Strings+Generated.swift in Sources */ = {isa = PBXBuildFile; fileRef = F241988F2987140800DE5BF8 /* Strings+Generated.swift */; };
		F241989A2987180B00DE5BF8 /* RaptorKit in Frameworks */ = {isa = PBXBuildFile; productRef = F24198992987180B00DE5BF8 /* RaptorKit */; };
		F241989B2987180B00DE5BF8 /* RaptorKit in Embed Frameworks */ = {isa = PBXBuildFile; productRef = F24198992987180B00DE5BF8 /* RaptorKit */; settings = {ATTRIBUTES = (CodeSignOnCopy, ); }; };
		F24224312991BCF700406AE8 /* TrackXClient in Frameworks */ = {isa = PBXBuildFile; productRef = F24224302991BCF700406AE8 /* TrackXClient */; };
		F2BD49EB2993217000A3923B /* Launch in Frameworks */ = {isa = PBXBuildFile; productRef = F2BD49EA2993217000A3923B /* Launch */; };
		F2BD49EC2993220B00A3923B /* Launch in Embed Frameworks */ = {isa = PBXBuildFile; productRef = F2BD49EA2993217000A3923B /* Launch */; settings = {ATTRIBUTES = (CodeSignOnCopy, ); }; };
		F2BD49EE2993228500A3923B /* Utilities in Frameworks */ = {isa = PBXBuildFile; productRef = F2BD49ED2993228500A3923B /* Utilities */; };
		F2BD49EF2993228500A3923B /* Utilities in Embed Frameworks */ = {isa = PBXBuildFile; productRef = F2BD49ED2993228500A3923B /* Utilities */; settings = {ATTRIBUTES = (CodeSignOnCopy, ); }; };
		F2CD62272992F2DE00B28E13 /* TrackXClient in Embed Frameworks */ = {isa = PBXBuildFile; productRef = F24224302991BCF700406AE8 /* TrackXClient */; settings = {ATTRIBUTES = (CodeSignOnCopy, ); }; };
		F2F0937C27EE2818005CCD09 /* AppDelegate.swift in Sources */ = {isa = PBXBuildFile; fileRef = F2F0937B27EE2818005CCD09 /* AppDelegate.swift */; };
		F2F0937E27EE2818005CCD09 /* SceneDelegate.swift in Sources */ = {isa = PBXBuildFile; fileRef = F2F0937D27EE2818005CCD09 /* SceneDelegate.swift */; };
		F2F0938527EE2819005CCD09 /* Assets.xcassets in Resources */ = {isa = PBXBuildFile; fileRef = F2F0938427EE2819005CCD09 /* Assets.xcassets */; };
		F2F0938827EE2819005CCD09 /* LaunchScreen.storyboard in Resources */ = {isa = PBXBuildFile; fileRef = F2F0938627EE2819005CCD09 /* LaunchScreen.storyboard */; };
/* End PBXBuildFile section */

/* Begin PBXCopyFilesBuildPhase section */
		F218B5FD29870C2F00FC6435 /* Embed Frameworks */ = {
			isa = PBXCopyFilesBuildPhase;
			buildActionMask = 2147483647;
			dstPath = "";
			dstSubfolderSpec = 10;
			files = (
				F2CD62272992F2DE00B28E13 /* TrackXClient in Embed Frameworks */,
				F2BD49EF2993228500A3923B /* Utilities in Embed Frameworks */,
				F241989B2987180B00DE5BF8 /* RaptorKit in Embed Frameworks */,
				F2BD49EC2993220B00A3923B /* Launch in Embed Frameworks */,
			);
			name = "Embed Frameworks";
			runOnlyForDeploymentPostprocessing = 0;
		};
		F2E63E1D289B0E81005C6E8B /* Embed Foundation Extensions */ = {
			isa = PBXCopyFilesBuildPhase;
			buildActionMask = 2147483647;
			dstPath = "";
			dstSubfolderSpec = 13;
			files = (
			);
			name = "Embed Foundation Extensions";
			runOnlyForDeploymentPostprocessing = 0;
		};
/* End PBXCopyFilesBuildPhase section */

/* Begin PBXFileReference section */
		A72BD3B729B3DFAA004A0000 /* SetupManager.swift */ = {isa = PBXFileReference; lastKnownFileType = sourcecode.swift; path = SetupManager.swift; sourceTree = "<group>"; };
		A7785CB129B3F21C002D52FF /* AppCoordinator.swift */ = {isa = PBXFileReference; lastKnownFileType = sourcecode.swift; path = AppCoordinator.swift; sourceTree = "<group>"; };
		F218B5F629870A1C00FC6435 /* Localizable.strings */ = {isa = PBXFileReference; lastKnownFileType = text.plist.strings; path = Localizable.strings; sourceTree = "<group>"; };
		F241988F2987140800DE5BF8 /* Strings+Generated.swift */ = {isa = PBXFileReference; fileEncoding = 4; lastKnownFileType = sourcecode.swift; path = "Strings+Generated.swift"; sourceTree = "<group>"; };
		F2F0937827EE2818005CCD09 /* TrackX.app */ = {isa = PBXFileReference; explicitFileType = wrapper.application; includeInIndex = 0; path = TrackX.app; sourceTree = BUILT_PRODUCTS_DIR; };
		F2F0937B27EE2818005CCD09 /* AppDelegate.swift */ = {isa = PBXFileReference; lastKnownFileType = sourcecode.swift; path = AppDelegate.swift; sourceTree = "<group>"; };
		F2F0937D27EE2818005CCD09 /* SceneDelegate.swift */ = {isa = PBXFileReference; lastKnownFileType = sourcecode.swift; path = SceneDelegate.swift; sourceTree = "<group>"; };
		F2F0938427EE2819005CCD09 /* Assets.xcassets */ = {isa = PBXFileReference; lastKnownFileType = folder.assetcatalog; path = Assets.xcassets; sourceTree = "<group>"; };
		F2F0938727EE2819005CCD09 /* Base */ = {isa = PBXFileReference; lastKnownFileType = file.storyboard; name = Base; path = Base.lproj/LaunchScreen.storyboard; sourceTree = "<group>"; };
		F2F0938927EE2819005CCD09 /* Info.plist */ = {isa = PBXFileReference; lastKnownFileType = text.plist.xml; path = Info.plist; sourceTree = "<group>"; };
/* End PBXFileReference section */

/* Begin PBXFrameworksBuildPhase section */
		F2F0937527EE2818005CCD09 /* Frameworks */ = {
			isa = PBXFrameworksBuildPhase;
			buildActionMask = 2147483647;
			files = (
				A782558229C7DEC700263D5D /* SFSafeSymbols in Frameworks */,
				F24224312991BCF700406AE8 /* TrackXClient in Frameworks */,
				F2BD49EB2993217000A3923B /* Launch in Frameworks */,
				F2BD49EE2993228500A3923B /* Utilities in Frameworks */,
				F241989A2987180B00DE5BF8 /* RaptorKit in Frameworks */,
			);
			runOnlyForDeploymentPostprocessing = 0;
		};
/* End PBXFrameworksBuildPhase section */

/* Begin PBXGroup section */
		A72BD3B629B3DF9D004A0000 /* Setup */ = {
			isa = PBXGroup;
			children = (
				A72BD3B729B3DFAA004A0000 /* SetupManager.swift */,
			);
			path = Setup;
			sourceTree = "<group>";
		};
		F218B5F52987098200FC6435 /* Generated */ = {
			isa = PBXGroup;
			children = (
				F241988F2987140800DE5BF8 /* Strings+Generated.swift */,
			);
			path = Generated;
			sourceTree = "<group>";
		};
		F2F0936F27EE2817005CCD09 = {
			isa = PBXGroup;
			children = (
				F2F0937A27EE2818005CCD09 /* TrackX */,
				F2F0937927EE2818005CCD09 /* Products */,
			);
			sourceTree = "<group>";
		};
		F2F0937927EE2818005CCD09 /* Products */ = {
			isa = PBXGroup;
			children = (
				F2F0937827EE2818005CCD09 /* TrackX.app */,
			);
			name = Products;
			sourceTree = "<group>";
		};
		F2F0937A27EE2818005CCD09 /* TrackX */ = {
			isa = PBXGroup;
			children = (
				F2F093AB27EE2829005CCD09 /* Application */,
				F218B5F52987098200FC6435 /* Generated */,
				F2F093AC27EE2833005CCD09 /* Resources */,
				A72BD3B629B3DF9D004A0000 /* Setup */,
			);
			path = TrackX;
			sourceTree = "<group>";
		};
		F2F093AB27EE2829005CCD09 /* Application */ = {
			isa = PBXGroup;
			children = (
				F2F0938927EE2819005CCD09 /* Info.plist */,
				F2F0937B27EE2818005CCD09 /* AppDelegate.swift */,
				F2F0937D27EE2818005CCD09 /* SceneDelegate.swift */,
				A7785CB129B3F21C002D52FF /* AppCoordinator.swift */,
			);
			path = Application;
			sourceTree = "<group>";
		};
		F2F093AC27EE2833005CCD09 /* Resources */ = {
			isa = PBXGroup;
			children = (
				F2F0938627EE2819005CCD09 /* LaunchScreen.storyboard */,
				F2F0938427EE2819005CCD09 /* Assets.xcassets */,
				F218B5F629870A1C00FC6435 /* Localizable.strings */,
			);
			path = Resources;
			sourceTree = "<group>";
		};
/* End PBXGroup section */

/* Begin PBXNativeTarget section */
		F2F0937727EE2818005CCD09 /* TrackX */ = {
			isa = PBXNativeTarget;
			buildConfigurationList = F2F093A227EE2819005CCD09 /* Build configuration list for PBXNativeTarget "TrackX" */;
			buildPhases = (
				F241989C29871A2E00DE5BF8 /* SwiftGen */,
				A7CA440429D3C14F00619C34 /* SwiftFormat */,
				A7CA440329D3BC5D00619C34 /* SwiftLint */,
				F2F0937427EE2818005CCD09 /* Sources */,
				F2F0937527EE2818005CCD09 /* Frameworks */,
				F2F0937627EE2818005CCD09 /* Resources */,
				F2E63E1D289B0E81005C6E8B /* Embed Foundation Extensions */,
				F218B5FD29870C2F00FC6435 /* Embed Frameworks */,
			);
			buildRules = (
			);
			dependencies = (
			);
			name = TrackX;
			packageProductDependencies = (
				F24198992987180B00DE5BF8 /* RaptorKit */,
				F24224302991BCF700406AE8 /* TrackXClient */,
				F2BD49EA2993217000A3923B /* Launch */,
				F2BD49ED2993228500A3923B /* Utilities */,
				A782558129C7DEC700263D5D /* SFSafeSymbols */,
			);
			productName = TrackX;
			productReference = F2F0937827EE2818005CCD09 /* TrackX.app */;
			productType = "com.apple.product-type.application";
		};
/* End PBXNativeTarget section */

/* Begin PBXProject section */
		F2F0937027EE2817005CCD09 /* Project object */ = {
			isa = PBXProject;
			attributes = {
				BuildIndependentTargetsInParallel = 1;
				LastSwiftUpdateCheck = 1340;
				LastUpgradeCheck = 1420;
				TargetAttributes = {
					F2F0937727EE2818005CCD09 = {
						CreatedOnToolsVersion = 13.3;
					};
				};
			};
			buildConfigurationList = F2F0937327EE2817005CCD09 /* Build configuration list for PBXProject "TrackX" */;
			compatibilityVersion = "Xcode 13.0";
			developmentRegion = en;
			hasScannedForEncodings = 0;
			knownRegions = (
				en,
				Base,
			);
			mainGroup = F2F0936F27EE2817005CCD09;
			packageReferences = (
				A782558029C7DEC700263D5D /* XCRemoteSwiftPackageReference "SFSafeSymbols" */,
			);
			productRefGroup = F2F0937927EE2818005CCD09 /* Products */;
			projectDirPath = "";
			projectRoot = "";
			targets = (
				F2F0937727EE2818005CCD09 /* TrackX */,
			);
		};
/* End PBXProject section */

/* Begin PBXResourcesBuildPhase section */
		F2F0937627EE2818005CCD09 /* Resources */ = {
			isa = PBXResourcesBuildPhase;
			buildActionMask = 2147483647;
			files = (
				F2F0938827EE2819005CCD09 /* LaunchScreen.storyboard in Resources */,
				F2F0938527EE2819005CCD09 /* Assets.xcassets in Resources */,
				F218B5F729870A1C00FC6435 /* Localizable.strings in Resources */,
			);
			runOnlyForDeploymentPostprocessing = 0;
		};
/* End PBXResourcesBuildPhase section */

/* Begin PBXShellScriptBuildPhase section */
		A7CA440329D3BC5D00619C34 /* SwiftLint */ = {
			isa = PBXShellScriptBuildPhase;
			alwaysOutOfDate = 1;
			buildActionMask = 2147483647;
			files = (
			);
			inputFileListPaths = (
			);
			inputPaths = (
			);
			name = SwiftLint;
			outputFileListPaths = (
			);
			outputPaths = (
			);
			runOnlyForDeploymentPostprocessing = 0;
			shellPath = /bin/sh;
			shellScript = "# Type a script or drag a script file from your workspace to insert its path.\nif which swiftlint > /dev/null; then\n  swiftlint\nelse\n  echo \"warning: SwiftLint not installed, download from https://github.com/realm/SwiftLint\"\nfi\n";
		};
		A7CA440429D3C14F00619C34 /* SwiftFormat */ = {
			isa = PBXShellScriptBuildPhase;
			alwaysOutOfDate = 1;
			buildActionMask = 2147483647;
			files = (
			);
			inputFileListPaths = (
			);
			inputPaths = (
			);
			name = SwiftFormat;
			outputFileListPaths = (
			);
			outputPaths = (
			);
			runOnlyForDeploymentPostprocessing = 0;
			shellPath = /bin/sh;
			shellScript = "# Type a script or drag a script file from your workspace to insert its path.\nif which swiftformat >/dev/null; then\n  swiftformat .\nelse\n  echo \"warning: SwiftFormat not installed, download from https://github.com/nicklockwood/SwiftFormat\"\nfi\n";
		};
		F241989C29871A2E00DE5BF8 /* SwiftGen */ = {
			isa = PBXShellScriptBuildPhase;
			alwaysOutOfDate = 1;
			buildActionMask = 2147483647;
			files = (
			);
			inputFileListPaths = (
			);
			inputPaths = (
			);
			name = SwiftGen;
			outputFileListPaths = (
			);
			outputPaths = (
			);
			runOnlyForDeploymentPostprocessing = 0;
			shellPath = /bin/sh;
			shellScript = "# Type a script or drag a script file from your workspace to insert its path.\nif which swiftgen >/dev/null; then\n    echo \"Generating SwiftGen resources\"\n    swiftgen\nelse\n    echo \"warning: SwiftGen not installed, download from https://github.com/SwiftGen/SwiftGen\"\nfi\n\n";
		};
/* End PBXShellScriptBuildPhase section */

/* Begin PBXSourcesBuildPhase section */
		F2F0937427EE2818005CCD09 /* Sources */ = {
			isa = PBXSourcesBuildPhase;
			buildActionMask = 2147483647;
			files = (
				F2F0937C27EE2818005CCD09 /* AppDelegate.swift in Sources */,
				F2F0937E27EE2818005CCD09 /* SceneDelegate.swift in Sources */,
				A7785CB229B3F21C002D52FF /* AppCoordinator.swift in Sources */,
				A72BD3B829B3DFAB004A0000 /* SetupManager.swift in Sources */,
				F24198902987140800DE5BF8 /* Strings+Generated.swift in Sources */,
			);
			runOnlyForDeploymentPostprocessing = 0;
		};
/* End PBXSourcesBuildPhase section */

/* Begin PBXVariantGroup section */
		F2F0938627EE2819005CCD09 /* LaunchScreen.storyboard */ = {
			isa = PBXVariantGroup;
			children = (
				F2F0938727EE2819005CCD09 /* Base */,
			);
			name = LaunchScreen.storyboard;
			sourceTree = "<group>";
		};
/* End PBXVariantGroup section */

/* Begin XCBuildConfiguration section */
		F2F093A027EE2819005CCD09 /* Debug */ = {
			isa = XCBuildConfiguration;
			buildSettings = {
				ALWAYS_SEARCH_USER_PATHS = NO;
				ASSETCATALOG_WARNINGS = NO;
				CLANG_ANALYZER_NONNULL = YES;
				CLANG_ANALYZER_NUMBER_OBJECT_CONVERSION = YES_AGGRESSIVE;
				CLANG_CXX_LANGUAGE_STANDARD = "gnu++17";
				CLANG_ENABLE_MODULES = YES;
				CLANG_ENABLE_OBJC_ARC = YES;
				CLANG_ENABLE_OBJC_WEAK = YES;
				CLANG_WARN_BLOCK_CAPTURE_AUTORELEASING = YES;
				CLANG_WARN_BOOL_CONVERSION = YES;
				CLANG_WARN_COMMA = YES;
				CLANG_WARN_CONSTANT_CONVERSION = YES;
				CLANG_WARN_DEPRECATED_OBJC_IMPLEMENTATIONS = YES;
				CLANG_WARN_DIRECT_OBJC_ISA_USAGE = YES_ERROR;
				CLANG_WARN_DOCUMENTATION_COMMENTS = YES;
				CLANG_WARN_EMPTY_BODY = YES;
				CLANG_WARN_ENUM_CONVERSION = YES;
				CLANG_WARN_INFINITE_RECURSION = YES;
				CLANG_WARN_INT_CONVERSION = YES;
				CLANG_WARN_NON_LITERAL_NULL_CONVERSION = YES;
				CLANG_WARN_OBJC_IMPLICIT_RETAIN_SELF = YES;
				CLANG_WARN_OBJC_LITERAL_CONVERSION = YES;
				CLANG_WARN_OBJC_ROOT_CLASS = YES_ERROR;
				CLANG_WARN_QUOTED_INCLUDE_IN_FRAMEWORK_HEADER = YES;
				CLANG_WARN_RANGE_LOOP_ANALYSIS = YES;
				CLANG_WARN_STRICT_PROTOTYPES = YES;
				CLANG_WARN_SUSPICIOUS_MOVE = YES;
				CLANG_WARN_UNGUARDED_AVAILABILITY = YES_AGGRESSIVE;
				CLANG_WARN_UNREACHABLE_CODE = YES;
				CLANG_WARN__DUPLICATE_METHOD_MATCH = YES;
				COPY_PHASE_STRIP = NO;
				DEBUG_INFORMATION_FORMAT = dwarf;
				ENABLE_STRICT_OBJC_MSGSEND = YES;
				ENABLE_TESTABILITY = YES;
				GCC_C_LANGUAGE_STANDARD = gnu11;
				GCC_DYNAMIC_NO_PIC = NO;
				GCC_NO_COMMON_BLOCKS = YES;
				GCC_OPTIMIZATION_LEVEL = 0;
				GCC_PREPROCESSOR_DEFINITIONS = (
					"DEBUG=1",
					"$(inherited)",
				);
				GCC_WARN_64_TO_32_BIT_CONVERSION = YES;
				GCC_WARN_ABOUT_RETURN_TYPE = YES_ERROR;
				GCC_WARN_UNDECLARED_SELECTOR = YES;
				GCC_WARN_UNINITIALIZED_AUTOS = YES_AGGRESSIVE;
				GCC_WARN_UNUSED_FUNCTION = YES;
				GCC_WARN_UNUSED_VARIABLE = YES;
				IPHONEOS_DEPLOYMENT_TARGET = 15.4;
				MTL_ENABLE_DEBUG_INFO = INCLUDE_SOURCE;
				MTL_FAST_MATH = YES;
				ONLY_ACTIVE_ARCH = YES;
				SDKROOT = iphoneos;
				SWIFT_ACTIVE_COMPILATION_CONDITIONS = DEBUG;
				SWIFT_OPTIMIZATION_LEVEL = "-Onone";
			};
			name = Debug;
		};
		F2F093A127EE2819005CCD09 /* Release */ = {
			isa = XCBuildConfiguration;
			buildSettings = {
				ALWAYS_SEARCH_USER_PATHS = NO;
				ASSETCATALOG_WARNINGS = NO;
				CLANG_ANALYZER_NONNULL = YES;
				CLANG_ANALYZER_NUMBER_OBJECT_CONVERSION = YES_AGGRESSIVE;
				CLANG_CXX_LANGUAGE_STANDARD = "gnu++17";
				CLANG_ENABLE_MODULES = YES;
				CLANG_ENABLE_OBJC_ARC = YES;
				CLANG_ENABLE_OBJC_WEAK = YES;
				CLANG_WARN_BLOCK_CAPTURE_AUTORELEASING = YES;
				CLANG_WARN_BOOL_CONVERSION = YES;
				CLANG_WARN_COMMA = YES;
				CLANG_WARN_CONSTANT_CONVERSION = YES;
				CLANG_WARN_DEPRECATED_OBJC_IMPLEMENTATIONS = YES;
				CLANG_WARN_DIRECT_OBJC_ISA_USAGE = YES_ERROR;
				CLANG_WARN_DOCUMENTATION_COMMENTS = YES;
				CLANG_WARN_EMPTY_BODY = YES;
				CLANG_WARN_ENUM_CONVERSION = YES;
				CLANG_WARN_INFINITE_RECURSION = YES;
				CLANG_WARN_INT_CONVERSION = YES;
				CLANG_WARN_NON_LITERAL_NULL_CONVERSION = YES;
				CLANG_WARN_OBJC_IMPLICIT_RETAIN_SELF = YES;
				CLANG_WARN_OBJC_LITERAL_CONVERSION = YES;
				CLANG_WARN_OBJC_ROOT_CLASS = YES_ERROR;
				CLANG_WARN_QUOTED_INCLUDE_IN_FRAMEWORK_HEADER = YES;
				CLANG_WARN_RANGE_LOOP_ANALYSIS = YES;
				CLANG_WARN_STRICT_PROTOTYPES = YES;
				CLANG_WARN_SUSPICIOUS_MOVE = YES;
				CLANG_WARN_UNGUARDED_AVAILABILITY = YES_AGGRESSIVE;
				CLANG_WARN_UNREACHABLE_CODE = YES;
				CLANG_WARN__DUPLICATE_METHOD_MATCH = YES;
				COPY_PHASE_STRIP = NO;
				DEBUG_INFORMATION_FORMAT = "dwarf-with-dsym";
				ENABLE_NS_ASSERTIONS = NO;
				ENABLE_STRICT_OBJC_MSGSEND = YES;
				GCC_C_LANGUAGE_STANDARD = gnu11;
				GCC_NO_COMMON_BLOCKS = YES;
				GCC_WARN_64_TO_32_BIT_CONVERSION = YES;
				GCC_WARN_ABOUT_RETURN_TYPE = YES_ERROR;
				GCC_WARN_UNDECLARED_SELECTOR = YES;
				GCC_WARN_UNINITIALIZED_AUTOS = YES_AGGRESSIVE;
				GCC_WARN_UNUSED_FUNCTION = YES;
				GCC_WARN_UNUSED_VARIABLE = YES;
				IPHONEOS_DEPLOYMENT_TARGET = 15.4;
				MTL_ENABLE_DEBUG_INFO = NO;
				MTL_FAST_MATH = YES;
				SDKROOT = iphoneos;
				SWIFT_COMPILATION_MODE = wholemodule;
				SWIFT_OPTIMIZATION_LEVEL = "-O";
				VALIDATE_PRODUCT = YES;
			};
			name = Release;
		};
		F2F093A327EE2819005CCD09 /* Debug */ = {
			isa = XCBuildConfiguration;
			buildSettings = {
				ALWAYS_EMBED_SWIFT_STANDARD_LIBRARIES = YES;
				ASSETCATALOG_COMPILER_APPICON_NAME = AppIcon;
				ASSETCATALOG_COMPILER_GLOBAL_ACCENT_COLOR_NAME = AccentColor;
				CODE_SIGN_STYLE = Automatic;
				CURRENT_PROJECT_VERSION = 1;
				DEVELOPMENT_TEAM = 36LYYU944F;
				GENERATE_INFOPLIST_FILE = YES;
				INFOPLIST_FILE = TrackX/Application/Info.plist;
				INFOPLIST_KEY_UIApplicationSupportsIndirectInputEvents = YES;
				INFOPLIST_KEY_UILaunchStoryboardName = LaunchScreen;
				INFOPLIST_KEY_UIStatusBarStyle = "";
				INFOPLIST_KEY_UISupportedInterfaceOrientations = UIInterfaceOrientationPortrait;
				INFOPLIST_KEY_UISupportedInterfaceOrientations_iPad = UIInterfaceOrientationPortrait;
				INFOPLIST_KEY_UISupportedInterfaceOrientations_iPhone = UIInterfaceOrientationPortrait;
				IPHONEOS_DEPLOYMENT_TARGET = 15.0;
				LD_RUNPATH_SEARCH_PATHS = (
					"$(inherited)",
					"@executable_path/Frameworks",
				);
				MARKETING_VERSION = 1.0;
				PRODUCT_BUNDLE_IDENTIFIER = co.stenning.TrackX;
				PRODUCT_NAME = "$(TARGET_NAME)";
				SWIFT_EMIT_LOC_STRINGS = YES;
				SWIFT_VERSION = 5.0;
				TARGETED_DEVICE_FAMILY = 1;
			};
			name = Debug;
		};
		F2F093A427EE2819005CCD09 /* Release */ = {
			isa = XCBuildConfiguration;
			buildSettings = {
				ALWAYS_EMBED_SWIFT_STANDARD_LIBRARIES = YES;
				ASSETCATALOG_COMPILER_APPICON_NAME = AppIcon;
				ASSETCATALOG_COMPILER_GLOBAL_ACCENT_COLOR_NAME = AccentColor;
				CODE_SIGN_STYLE = Automatic;
				CURRENT_PROJECT_VERSION = 1;
				DEVELOPMENT_TEAM = 36LYYU944F;
				GENERATE_INFOPLIST_FILE = YES;
				INFOPLIST_FILE = TrackX/Application/Info.plist;
				INFOPLIST_KEY_UIApplicationSupportsIndirectInputEvents = YES;
				INFOPLIST_KEY_UILaunchStoryboardName = LaunchScreen;
				INFOPLIST_KEY_UIStatusBarStyle = "";
				INFOPLIST_KEY_UISupportedInterfaceOrientations = UIInterfaceOrientationPortrait;
				INFOPLIST_KEY_UISupportedInterfaceOrientations_iPad = UIInterfaceOrientationPortrait;
				INFOPLIST_KEY_UISupportedInterfaceOrientations_iPhone = UIInterfaceOrientationPortrait;
				IPHONEOS_DEPLOYMENT_TARGET = 15.0;
				LD_RUNPATH_SEARCH_PATHS = (
					"$(inherited)",
					"@executable_path/Frameworks",
				);
				MARKETING_VERSION = 1.0;
				PRODUCT_BUNDLE_IDENTIFIER = co.stenning.TrackX;
				PRODUCT_NAME = "$(TARGET_NAME)";
				SWIFT_EMIT_LOC_STRINGS = YES;
				SWIFT_VERSION = 5.0;
				TARGETED_DEVICE_FAMILY = 1;
			};
			name = Release;
		};
/* End XCBuildConfiguration section */

/* Begin XCConfigurationList section */
		F2F0937327EE2817005CCD09 /* Build configuration list for PBXProject "TrackX" */ = {
			isa = XCConfigurationList;
			buildConfigurations = (
				F2F093A027EE2819005CCD09 /* Debug */,
				F2F093A127EE2819005CCD09 /* Release */,
			);
			defaultConfigurationIsVisible = 0;
			defaultConfigurationName = Release;
		};
		F2F093A227EE2819005CCD09 /* Build configuration list for PBXNativeTarget "TrackX" */ = {
			isa = XCConfigurationList;
			buildConfigurations = (
				F2F093A327EE2819005CCD09 /* Debug */,
				F2F093A427EE2819005CCD09 /* Release */,
			);
			defaultConfigurationIsVisible = 0;
			defaultConfigurationName = Release;
		};
/* End XCConfigurationList section */

/* Begin XCRemoteSwiftPackageReference section */
		A782558029C7DEC700263D5D /* XCRemoteSwiftPackageReference "SFSafeSymbols" */ = {
			isa = XCRemoteSwiftPackageReference;
			repositoryURL = "https://github.com/SFSafeSymbols/SFSafeSymbols.git";
			requirement = {
				kind = upToNextMajorVersion;
				minimumVersion = 4.0.0;
			};
		};
/* End XCRemoteSwiftPackageReference section */

/* Begin XCSwiftPackageProductDependency section */
		A782558129C7DEC700263D5D /* SFSafeSymbols */ = {
			isa = XCSwiftPackageProductDependency;
			package = A782558029C7DEC700263D5D /* XCRemoteSwiftPackageReference "SFSafeSymbols" */;
			productName = SFSafeSymbols;
		};
		F24198992987180B00DE5BF8 /* RaptorKit */ = {
			isa = XCSwiftPackageProductDependency;
			productName = RaptorKit;
		};
		F24224302991BCF700406AE8 /* TrackXClient */ = {
			isa = XCSwiftPackageProductDependency;
			productName = TrackXClient;
		};
		F2BD49EA2993217000A3923B /* Launch */ = {
			isa = XCSwiftPackageProductDependency;
			productName = Launch;
		};
		F2BD49ED2993228500A3923B /* Utilities */ = {
			isa = XCSwiftPackageProductDependency;
			productName = Utilities;
		};
/* End XCSwiftPackageProductDependency section */
	};
	rootObject = F2F0937027EE2817005CCD09 /* Project object */;
}
