// !$*UTF8*$!
{
	archiveVersion = 1;
	classes = {
	};
	objectVersion = 55;
	objects = {

/* Begin PBXBuildFile section */
		F2051657285D3BC000584F11 /* LaunchEndpoint.swift in Sources */ = {isa = PBXBuildFile; fileRef = F2051656285D3BC000584F11 /* LaunchEndpoint.swift */; };
		F2396D272844060E0084DF79 /* LaunchDetailViewController.swift in Sources */ = {isa = PBXBuildFile; fileRef = F2396D262844060E0084DF79 /* LaunchDetailViewController.swift */; };
		F2396D2F284552720084DF79 /* EndPointType.swift in Sources */ = {isa = PBXBuildFile; fileRef = F2396D2E284552720084DF79 /* EndPointType.swift */; };
		F2396D31284552DB0084DF79 /* HTTPMethod.swift in Sources */ = {isa = PBXBuildFile; fileRef = F2396D30284552DB0084DF79 /* HTTPMethod.swift */; };
		F2396D332845531C0084DF79 /* HTTPTask.swift in Sources */ = {isa = PBXBuildFile; fileRef = F2396D322845531C0084DF79 /* HTTPTask.swift */; };
		F2396D35284553E00084DF79 /* ParameterEncoding.swift in Sources */ = {isa = PBXBuildFile; fileRef = F2396D34284553E00084DF79 /* ParameterEncoding.swift */; };
		F2396D372845559A0084DF79 /* URLParameterEncoder.swift in Sources */ = {isa = PBXBuildFile; fileRef = F2396D362845559A0084DF79 /* URLParameterEncoder.swift */; };
		F2396D39284557100084DF79 /* JSONParameterEncoder.swift in Sources */ = {isa = PBXBuildFile; fileRef = F2396D38284557100084DF79 /* JSONParameterEncoder.swift */; };
		F2396D3B284558220084DF79 /* NetworkRouter.swift in Sources */ = {isa = PBXBuildFile; fileRef = F2396D3A284558220084DF79 /* NetworkRouter.swift */; };
		F2396D3D284558F20084DF79 /* Router.swift in Sources */ = {isa = PBXBuildFile; fileRef = F2396D3C284558F20084DF79 /* Router.swift */; };
		F2396D3F28455C170084DF79 /* NetworkManager.swift in Sources */ = {isa = PBXBuildFile; fileRef = F2396D3E28455C170084DF79 /* NetworkManager.swift */; };
		F2396D432846B8770084DF79 /* RocketEndpoint.swift in Sources */ = {isa = PBXBuildFile; fileRef = F2396D422846B8770084DF79 /* RocketEndpoint.swift */; };
		F2396D452846BADD0084DF79 /* Rocket.swift in Sources */ = {isa = PBXBuildFile; fileRef = F2396D442846BADD0084DF79 /* Rocket.swift */; };
		F2396D472847A9770084DF79 /* LaunchpadEndpoint.swift in Sources */ = {isa = PBXBuildFile; fileRef = F2396D462847A9770084DF79 /* LaunchpadEndpoint.swift */; };
		F2396D492847A9960084DF79 /* LandpadEndpoint.swift in Sources */ = {isa = PBXBuildFile; fileRef = F2396D482847A9960084DF79 /* LandpadEndpoint.swift */; };
		F2396D4B2847A9A10084DF79 /* Launchpad.swift in Sources */ = {isa = PBXBuildFile; fileRef = F2396D4A2847A9A00084DF79 /* Launchpad.swift */; };
		F2396D4D2847A9A90084DF79 /* Landpad.swift in Sources */ = {isa = PBXBuildFile; fileRef = F2396D4C2847A9A90084DF79 /* Landpad.swift */; };
		F2396D4F2847A9C40084DF79 /* Core.swift in Sources */ = {isa = PBXBuildFile; fileRef = F2396D4E2847A9C40084DF79 /* Core.swift */; };
		F2396D512847AA120084DF79 /* Capsule.swift in Sources */ = {isa = PBXBuildFile; fileRef = F2396D502847AA120084DF79 /* Capsule.swift */; };
		F2396D532847AA1C0084DF79 /* Payload.swift in Sources */ = {isa = PBXBuildFile; fileRef = F2396D522847AA1C0084DF79 /* Payload.swift */; };
		F2396D552847AB010084DF79 /* CoreEndpoint.swift in Sources */ = {isa = PBXBuildFile; fileRef = F2396D542847AB010084DF79 /* CoreEndpoint.swift */; };
		F2396D572847AB090084DF79 /* CapsuleEndpoint.swift in Sources */ = {isa = PBXBuildFile; fileRef = F2396D562847AB090084DF79 /* CapsuleEndpoint.swift */; };
		F2396D592847AB170084DF79 /* PayloadEndpoint.swift in Sources */ = {isa = PBXBuildFile; fileRef = F2396D582847AB170084DF79 /* PayloadEndpoint.swift */; };
		F2396D5B2848DE550084DF79 /* NetworkLogger.swift in Sources */ = {isa = PBXBuildFile; fileRef = F2396D5A2848DE550084DF79 /* NetworkLogger.swift */; };
		F254D44D2857876F0009A2A0 /* HeadingLabel.swift in Sources */ = {isa = PBXBuildFile; fileRef = F254D44C2857876F0009A2A0 /* HeadingLabel.swift */; };
		F254D44F28578BFA0009A2A0 /* SubheadingLabel.swift in Sources */ = {isa = PBXBuildFile; fileRef = F254D44E28578BFA0009A2A0 /* SubheadingLabel.swift */; };
		F254D45128578DDB0009A2A0 /* BodyLabel.swift in Sources */ = {isa = PBXBuildFile; fileRef = F254D45028578DDB0009A2A0 /* BodyLabel.swift */; };
		F254D455285792160009A2A0 /* RocketSectionStackView.swift in Sources */ = {isa = PBXBuildFile; fileRef = F254D454285792160009A2A0 /* RocketSectionStackView.swift */; };
		F254D45728579E8B0009A2A0 /* LaunchSectionStackView.swift in Sources */ = {isa = PBXBuildFile; fileRef = F254D45628579E8B0009A2A0 /* LaunchSectionStackView.swift */; };
		F254D4592857A19B0009A2A0 /* LaunchpadSectionStackView.swift in Sources */ = {isa = PBXBuildFile; fileRef = F254D4582857A19B0009A2A0 /* LaunchpadSectionStackView.swift */; };
		F254D45E2857C9660009A2A0 /* DataManager.swift in Sources */ = {isa = PBXBuildFile; fileRef = F254D45D2857C9660009A2A0 /* DataManager.swift */; };
		F254D4642857E19F0009A2A0 /* AccentSubheadingView.swift in Sources */ = {isa = PBXBuildFile; fileRef = F254D4632857E19F0009A2A0 /* AccentSubheadingView.swift */; };
		F2E2EC4628592EC500AF06CC /* LaunchTableDataSource.swift in Sources */ = {isa = PBXBuildFile; fileRef = F2E2EC4528592EC500AF06CC /* LaunchTableDataSource.swift */; };
		F2E2EC482859327D00AF06CC /* FullLaunch.swift in Sources */ = {isa = PBXBuildFile; fileRef = F2E2EC472859327D00AF06CC /* FullLaunch.swift */; };
		F2F0937C27EE2818005CCD09 /* AppDelegate.swift in Sources */ = {isa = PBXBuildFile; fileRef = F2F0937B27EE2818005CCD09 /* AppDelegate.swift */; };
		F2F0937E27EE2818005CCD09 /* SceneDelegate.swift in Sources */ = {isa = PBXBuildFile; fileRef = F2F0937D27EE2818005CCD09 /* SceneDelegate.swift */; };
		F2F0938027EE2818005CCD09 /* LaunchViewController.swift in Sources */ = {isa = PBXBuildFile; fileRef = F2F0937F27EE2818005CCD09 /* LaunchViewController.swift */; };
		F2F0938527EE2819005CCD09 /* Assets.xcassets in Resources */ = {isa = PBXBuildFile; fileRef = F2F0938427EE2819005CCD09 /* Assets.xcassets */; };
		F2F0938827EE2819005CCD09 /* LaunchScreen.storyboard in Resources */ = {isa = PBXBuildFile; fileRef = F2F0938627EE2819005CCD09 /* LaunchScreen.storyboard */; };
		F2F0939327EE2819005CCD09 /* TrackXTests.swift in Sources */ = {isa = PBXBuildFile; fileRef = F2F0939227EE2819005CCD09 /* TrackXTests.swift */; };
		F2F0939D27EE2819005CCD09 /* TrackXUITests.swift in Sources */ = {isa = PBXBuildFile; fileRef = F2F0939C27EE2819005CCD09 /* TrackXUITests.swift */; };
		F2F0939F27EE2819005CCD09 /* TrackXUITestsLaunchTests.swift in Sources */ = {isa = PBXBuildFile; fileRef = F2F0939E27EE2819005CCD09 /* TrackXUITestsLaunchTests.swift */; };
		F2F093B027EE2BBF005CCD09 /* UIView+Extensions.swift in Sources */ = {isa = PBXBuildFile; fileRef = F2F093AF27EE2BBF005CCD09 /* UIView+Extensions.swift */; };
		F2F093B627EE2F8B005CCD09 /* Launch.swift in Sources */ = {isa = PBXBuildFile; fileRef = F2F093B527EE2F8B005CCD09 /* Launch.swift */; };
		F2F2343B284D6A6500CAB70C /* StringFormatting.swift in Sources */ = {isa = PBXBuildFile; fileRef = F2F2343A284D6A6500CAB70C /* StringFormatting.swift */; };
		F2F2343E284FF6AA00CAB70C /* NameValueView.swift in Sources */ = {isa = PBXBuildFile; fileRef = F2F2343D284FF6AA00CAB70C /* NameValueView.swift */; };
		F2F234442850079A00CAB70C /* UIImageView+Extensions.swift in Sources */ = {isa = PBXBuildFile; fileRef = F2F234432850079A00CAB70C /* UIImageView+Extensions.swift */; };
		F2F2344E2852968200CAB70C /* LaunchTablePrimaryCell.swift in Sources */ = {isa = PBXBuildFile; fileRef = F2F2344D2852968200CAB70C /* LaunchTablePrimaryCell.swift */; };
		F2F234502853899C00CAB70C /* Date+Extensions.swift in Sources */ = {isa = PBXBuildFile; fileRef = F2F2344F2853899C00CAB70C /* Date+Extensions.swift */; };
		F2F234522853A6F100CAB70C /* LaunchTableSectionHeader.swift in Sources */ = {isa = PBXBuildFile; fileRef = F2F234512853A6F100CAB70C /* LaunchTableSectionHeader.swift */; };
		F2F234582853ED4300CAB70C /* Archivo.ttf in Resources */ = {isa = PBXBuildFile; fileRef = F2F234562853E66800CAB70C /* Archivo.ttf */; };
		F2F234592853ED4500CAB70C /* Archivo-Italic.ttf in Resources */ = {isa = PBXBuildFile; fileRef = F2F234572853E6AB00CAB70C /* Archivo-Italic.ttf */; };
		F2F2345B2854D21D00CAB70C /* UILabel+Extensions.swift in Sources */ = {isa = PBXBuildFile; fileRef = F2F2345A2854D21D00CAB70C /* UILabel+Extensions.swift */; };
		F2F2345D28554FAC00CAB70C /* Rubik.ttf in Resources */ = {isa = PBXBuildFile; fileRef = F2F2345C28554FAC00CAB70C /* Rubik.ttf */; };
		F2F2345F285636EB00CAB70C /* GradientView.swift in Sources */ = {isa = PBXBuildFile; fileRef = F2F2345E285636EB00CAB70C /* GradientView.swift */; };
		F2F2346128563A2900CAB70C /* LaunchTableSecondaryCell.swift in Sources */ = {isa = PBXBuildFile; fileRef = F2F2346028563A2900CAB70C /* LaunchTableSecondaryCell.swift */; };
/* End PBXBuildFile section */

/* Begin PBXContainerItemProxy section */
		F2F0938F27EE2819005CCD09 /* PBXContainerItemProxy */ = {
			isa = PBXContainerItemProxy;
			containerPortal = F2F0937027EE2817005CCD09 /* Project object */;
			proxyType = 1;
			remoteGlobalIDString = F2F0937727EE2818005CCD09;
			remoteInfo = TrackX;
		};
		F2F0939927EE2819005CCD09 /* PBXContainerItemProxy */ = {
			isa = PBXContainerItemProxy;
			containerPortal = F2F0937027EE2817005CCD09 /* Project object */;
			proxyType = 1;
			remoteGlobalIDString = F2F0937727EE2818005CCD09;
			remoteInfo = TrackX;
		};
/* End PBXContainerItemProxy section */

/* Begin PBXFileReference section */
		F2051656285D3BC000584F11 /* LaunchEndpoint.swift */ = {isa = PBXFileReference; lastKnownFileType = sourcecode.swift; path = LaunchEndpoint.swift; sourceTree = "<group>"; };
		F2396D262844060E0084DF79 /* LaunchDetailViewController.swift */ = {isa = PBXFileReference; lastKnownFileType = sourcecode.swift; path = LaunchDetailViewController.swift; sourceTree = "<group>"; };
		F2396D2E284552720084DF79 /* EndPointType.swift */ = {isa = PBXFileReference; lastKnownFileType = sourcecode.swift; path = EndPointType.swift; sourceTree = "<group>"; };
		F2396D30284552DB0084DF79 /* HTTPMethod.swift */ = {isa = PBXFileReference; lastKnownFileType = sourcecode.swift; path = HTTPMethod.swift; sourceTree = "<group>"; };
		F2396D322845531C0084DF79 /* HTTPTask.swift */ = {isa = PBXFileReference; lastKnownFileType = sourcecode.swift; path = HTTPTask.swift; sourceTree = "<group>"; };
		F2396D34284553E00084DF79 /* ParameterEncoding.swift */ = {isa = PBXFileReference; lastKnownFileType = sourcecode.swift; path = ParameterEncoding.swift; sourceTree = "<group>"; };
		F2396D362845559A0084DF79 /* URLParameterEncoder.swift */ = {isa = PBXFileReference; lastKnownFileType = sourcecode.swift; path = URLParameterEncoder.swift; sourceTree = "<group>"; };
		F2396D38284557100084DF79 /* JSONParameterEncoder.swift */ = {isa = PBXFileReference; lastKnownFileType = sourcecode.swift; path = JSONParameterEncoder.swift; sourceTree = "<group>"; };
		F2396D3A284558220084DF79 /* NetworkRouter.swift */ = {isa = PBXFileReference; lastKnownFileType = sourcecode.swift; path = NetworkRouter.swift; sourceTree = "<group>"; };
		F2396D3C284558F20084DF79 /* Router.swift */ = {isa = PBXFileReference; lastKnownFileType = sourcecode.swift; path = Router.swift; sourceTree = "<group>"; };
		F2396D3E28455C170084DF79 /* NetworkManager.swift */ = {isa = PBXFileReference; lastKnownFileType = sourcecode.swift; path = NetworkManager.swift; sourceTree = "<group>"; };
		F2396D422846B8770084DF79 /* RocketEndpoint.swift */ = {isa = PBXFileReference; lastKnownFileType = sourcecode.swift; path = RocketEndpoint.swift; sourceTree = "<group>"; };
		F2396D442846BADD0084DF79 /* Rocket.swift */ = {isa = PBXFileReference; lastKnownFileType = sourcecode.swift; path = Rocket.swift; sourceTree = "<group>"; };
		F2396D462847A9770084DF79 /* LaunchpadEndpoint.swift */ = {isa = PBXFileReference; lastKnownFileType = sourcecode.swift; path = LaunchpadEndpoint.swift; sourceTree = "<group>"; };
		F2396D482847A9960084DF79 /* LandpadEndpoint.swift */ = {isa = PBXFileReference; lastKnownFileType = sourcecode.swift; path = LandpadEndpoint.swift; sourceTree = "<group>"; };
		F2396D4A2847A9A00084DF79 /* Launchpad.swift */ = {isa = PBXFileReference; lastKnownFileType = sourcecode.swift; path = Launchpad.swift; sourceTree = "<group>"; };
		F2396D4C2847A9A90084DF79 /* Landpad.swift */ = {isa = PBXFileReference; lastKnownFileType = sourcecode.swift; path = Landpad.swift; sourceTree = "<group>"; };
		F2396D4E2847A9C40084DF79 /* Core.swift */ = {isa = PBXFileReference; lastKnownFileType = sourcecode.swift; path = Core.swift; sourceTree = "<group>"; };
		F2396D502847AA120084DF79 /* Capsule.swift */ = {isa = PBXFileReference; lastKnownFileType = sourcecode.swift; path = Capsule.swift; sourceTree = "<group>"; };
		F2396D522847AA1C0084DF79 /* Payload.swift */ = {isa = PBXFileReference; lastKnownFileType = sourcecode.swift; path = Payload.swift; sourceTree = "<group>"; };
		F2396D542847AB010084DF79 /* CoreEndpoint.swift */ = {isa = PBXFileReference; lastKnownFileType = sourcecode.swift; path = CoreEndpoint.swift; sourceTree = "<group>"; };
		F2396D562847AB090084DF79 /* CapsuleEndpoint.swift */ = {isa = PBXFileReference; lastKnownFileType = sourcecode.swift; path = CapsuleEndpoint.swift; sourceTree = "<group>"; };
		F2396D582847AB170084DF79 /* PayloadEndpoint.swift */ = {isa = PBXFileReference; lastKnownFileType = sourcecode.swift; path = PayloadEndpoint.swift; sourceTree = "<group>"; };
		F2396D5A2848DE550084DF79 /* NetworkLogger.swift */ = {isa = PBXFileReference; lastKnownFileType = sourcecode.swift; path = NetworkLogger.swift; sourceTree = "<group>"; };
		F254D44C2857876F0009A2A0 /* HeadingLabel.swift */ = {isa = PBXFileReference; lastKnownFileType = sourcecode.swift; path = HeadingLabel.swift; sourceTree = "<group>"; };
		F254D44E28578BFA0009A2A0 /* SubheadingLabel.swift */ = {isa = PBXFileReference; lastKnownFileType = sourcecode.swift; path = SubheadingLabel.swift; sourceTree = "<group>"; };
		F254D45028578DDB0009A2A0 /* BodyLabel.swift */ = {isa = PBXFileReference; lastKnownFileType = sourcecode.swift; path = BodyLabel.swift; sourceTree = "<group>"; };
		F254D454285792160009A2A0 /* RocketSectionStackView.swift */ = {isa = PBXFileReference; lastKnownFileType = sourcecode.swift; path = RocketSectionStackView.swift; sourceTree = "<group>"; };
		F254D45628579E8B0009A2A0 /* LaunchSectionStackView.swift */ = {isa = PBXFileReference; lastKnownFileType = sourcecode.swift; path = LaunchSectionStackView.swift; sourceTree = "<group>"; };
		F254D4582857A19B0009A2A0 /* LaunchpadSectionStackView.swift */ = {isa = PBXFileReference; lastKnownFileType = sourcecode.swift; path = LaunchpadSectionStackView.swift; sourceTree = "<group>"; };
		F254D45D2857C9660009A2A0 /* DataManager.swift */ = {isa = PBXFileReference; lastKnownFileType = sourcecode.swift; path = DataManager.swift; sourceTree = "<group>"; };
		F254D4632857E19F0009A2A0 /* AccentSubheadingView.swift */ = {isa = PBXFileReference; lastKnownFileType = sourcecode.swift; path = AccentSubheadingView.swift; sourceTree = "<group>"; };
		F2E2EC4528592EC500AF06CC /* LaunchTableDataSource.swift */ = {isa = PBXFileReference; lastKnownFileType = sourcecode.swift; path = LaunchTableDataSource.swift; sourceTree = "<group>"; };
		F2E2EC472859327D00AF06CC /* FullLaunch.swift */ = {isa = PBXFileReference; lastKnownFileType = sourcecode.swift; path = FullLaunch.swift; sourceTree = "<group>"; };
		F2F0937827EE2818005CCD09 /* TrackX.app */ = {isa = PBXFileReference; explicitFileType = wrapper.application; includeInIndex = 0; path = TrackX.app; sourceTree = BUILT_PRODUCTS_DIR; };
		F2F0937B27EE2818005CCD09 /* AppDelegate.swift */ = {isa = PBXFileReference; lastKnownFileType = sourcecode.swift; path = AppDelegate.swift; sourceTree = "<group>"; };
		F2F0937D27EE2818005CCD09 /* SceneDelegate.swift */ = {isa = PBXFileReference; lastKnownFileType = sourcecode.swift; path = SceneDelegate.swift; sourceTree = "<group>"; };
		F2F0937F27EE2818005CCD09 /* LaunchViewController.swift */ = {isa = PBXFileReference; lastKnownFileType = sourcecode.swift; path = LaunchViewController.swift; sourceTree = "<group>"; };
		F2F0938427EE2819005CCD09 /* Assets.xcassets */ = {isa = PBXFileReference; lastKnownFileType = folder.assetcatalog; path = Assets.xcassets; sourceTree = "<group>"; };
		F2F0938727EE2819005CCD09 /* Base */ = {isa = PBXFileReference; lastKnownFileType = file.storyboard; name = Base; path = Base.lproj/LaunchScreen.storyboard; sourceTree = "<group>"; };
		F2F0938927EE2819005CCD09 /* Info.plist */ = {isa = PBXFileReference; lastKnownFileType = text.plist.xml; path = Info.plist; sourceTree = "<group>"; };
		F2F0938E27EE2819005CCD09 /* TrackXTests.xctest */ = {isa = PBXFileReference; explicitFileType = wrapper.cfbundle; includeInIndex = 0; path = TrackXTests.xctest; sourceTree = BUILT_PRODUCTS_DIR; };
		F2F0939227EE2819005CCD09 /* TrackXTests.swift */ = {isa = PBXFileReference; lastKnownFileType = sourcecode.swift; path = TrackXTests.swift; sourceTree = "<group>"; };
		F2F0939827EE2819005CCD09 /* TrackXUITests.xctest */ = {isa = PBXFileReference; explicitFileType = wrapper.cfbundle; includeInIndex = 0; path = TrackXUITests.xctest; sourceTree = BUILT_PRODUCTS_DIR; };
		F2F0939C27EE2819005CCD09 /* TrackXUITests.swift */ = {isa = PBXFileReference; lastKnownFileType = sourcecode.swift; path = TrackXUITests.swift; sourceTree = "<group>"; };
		F2F0939E27EE2819005CCD09 /* TrackXUITestsLaunchTests.swift */ = {isa = PBXFileReference; lastKnownFileType = sourcecode.swift; path = TrackXUITestsLaunchTests.swift; sourceTree = "<group>"; };
		F2F093AF27EE2BBF005CCD09 /* UIView+Extensions.swift */ = {isa = PBXFileReference; lastKnownFileType = sourcecode.swift; path = "UIView+Extensions.swift"; sourceTree = "<group>"; };
		F2F093B527EE2F8B005CCD09 /* Launch.swift */ = {isa = PBXFileReference; lastKnownFileType = sourcecode.swift; path = Launch.swift; sourceTree = "<group>"; };
		F2F2343A284D6A6500CAB70C /* StringFormatting.swift */ = {isa = PBXFileReference; lastKnownFileType = sourcecode.swift; path = StringFormatting.swift; sourceTree = "<group>"; };
		F2F2343D284FF6AA00CAB70C /* NameValueView.swift */ = {isa = PBXFileReference; lastKnownFileType = sourcecode.swift; path = NameValueView.swift; sourceTree = "<group>"; };
		F2F234432850079A00CAB70C /* UIImageView+Extensions.swift */ = {isa = PBXFileReference; lastKnownFileType = sourcecode.swift; path = "UIImageView+Extensions.swift"; sourceTree = "<group>"; };
		F2F2344D2852968200CAB70C /* LaunchTablePrimaryCell.swift */ = {isa = PBXFileReference; lastKnownFileType = sourcecode.swift; path = LaunchTablePrimaryCell.swift; sourceTree = "<group>"; };
		F2F2344F2853899C00CAB70C /* Date+Extensions.swift */ = {isa = PBXFileReference; lastKnownFileType = sourcecode.swift; path = "Date+Extensions.swift"; sourceTree = "<group>"; };
		F2F234512853A6F100CAB70C /* LaunchTableSectionHeader.swift */ = {isa = PBXFileReference; lastKnownFileType = sourcecode.swift; path = LaunchTableSectionHeader.swift; sourceTree = "<group>"; };
		F2F234562853E66800CAB70C /* Archivo.ttf */ = {isa = PBXFileReference; lastKnownFileType = file; path = Archivo.ttf; sourceTree = "<group>"; };
		F2F234572853E6AB00CAB70C /* Archivo-Italic.ttf */ = {isa = PBXFileReference; lastKnownFileType = file; path = "Archivo-Italic.ttf"; sourceTree = "<group>"; };
		F2F2345A2854D21D00CAB70C /* UILabel+Extensions.swift */ = {isa = PBXFileReference; lastKnownFileType = sourcecode.swift; path = "UILabel+Extensions.swift"; sourceTree = "<group>"; };
		F2F2345C28554FAC00CAB70C /* Rubik.ttf */ = {isa = PBXFileReference; lastKnownFileType = file; path = Rubik.ttf; sourceTree = "<group>"; };
		F2F2345E285636EB00CAB70C /* GradientView.swift */ = {isa = PBXFileReference; lastKnownFileType = sourcecode.swift; path = GradientView.swift; sourceTree = "<group>"; };
		F2F2346028563A2900CAB70C /* LaunchTableSecondaryCell.swift */ = {isa = PBXFileReference; fileEncoding = 4; lastKnownFileType = sourcecode.swift; path = LaunchTableSecondaryCell.swift; sourceTree = "<group>"; };
/* End PBXFileReference section */

/* Begin PBXFrameworksBuildPhase section */
		F2F0937527EE2818005CCD09 /* Frameworks */ = {
			isa = PBXFrameworksBuildPhase;
			buildActionMask = 2147483647;
			files = (
			);
			runOnlyForDeploymentPostprocessing = 0;
		};
		F2F0938B27EE2819005CCD09 /* Frameworks */ = {
			isa = PBXFrameworksBuildPhase;
			buildActionMask = 2147483647;
			files = (
			);
			runOnlyForDeploymentPostprocessing = 0;
		};
		F2F0939527EE2819005CCD09 /* Frameworks */ = {
			isa = PBXFrameworksBuildPhase;
			buildActionMask = 2147483647;
			files = (
			);
			runOnlyForDeploymentPostprocessing = 0;
		};
/* End PBXFrameworksBuildPhase section */

/* Begin PBXGroup section */
		F2396D28284552270084DF79 /* Networking */ = {
			isa = PBXGroup;
			children = (
				F2396D2D2845524C0084DF79 /* Endpoint */,
				F2396D2B284552400084DF79 /* Manager */,
				F2396D2A2845523A0084DF79 /* Service */,
				F2396D29284552320084DF79 /* Encoding */,
			);
			path = Networking;
			sourceTree = "<group>";
		};
		F2396D29284552320084DF79 /* Encoding */ = {
			isa = PBXGroup;
			children = (
				F2396D34284553E00084DF79 /* ParameterEncoding.swift */,
				F2396D362845559A0084DF79 /* URLParameterEncoder.swift */,
				F2396D38284557100084DF79 /* JSONParameterEncoder.swift */,
			);
			path = Encoding;
			sourceTree = "<group>";
		};
		F2396D2A2845523A0084DF79 /* Service */ = {
			isa = PBXGroup;
			children = (
				F2396D2E284552720084DF79 /* EndPointType.swift */,
				F2396D30284552DB0084DF79 /* HTTPMethod.swift */,
				F2396D322845531C0084DF79 /* HTTPTask.swift */,
				F2396D3A284558220084DF79 /* NetworkRouter.swift */,
				F2396D3C284558F20084DF79 /* Router.swift */,
				F2396D5A2848DE550084DF79 /* NetworkLogger.swift */,
			);
			path = Service;
			sourceTree = "<group>";
		};
		F2396D2B284552400084DF79 /* Manager */ = {
			isa = PBXGroup;
			children = (
				F2396D3E28455C170084DF79 /* NetworkManager.swift */,
			);
			path = Manager;
			sourceTree = "<group>";
		};
		F2396D2D2845524C0084DF79 /* Endpoint */ = {
			isa = PBXGroup;
			children = (
				F2396D422846B8770084DF79 /* RocketEndpoint.swift */,
				F2396D462847A9770084DF79 /* LaunchpadEndpoint.swift */,
				F2396D482847A9960084DF79 /* LandpadEndpoint.swift */,
				F2396D542847AB010084DF79 /* CoreEndpoint.swift */,
				F2396D562847AB090084DF79 /* CapsuleEndpoint.swift */,
				F2396D582847AB170084DF79 /* PayloadEndpoint.swift */,
				F2051656285D3BC000584F11 /* LaunchEndpoint.swift */,
			);
			path = Endpoint;
			sourceTree = "<group>";
		};
		F254D452285790720009A2A0 /* Components */ = {
			isa = PBXGroup;
			children = (
				F2F2344D2852968200CAB70C /* LaunchTablePrimaryCell.swift */,
				F2F2346028563A2900CAB70C /* LaunchTableSecondaryCell.swift */,
				F2F234512853A6F100CAB70C /* LaunchTableSectionHeader.swift */,
				F2E2EC4528592EC500AF06CC /* LaunchTableDataSource.swift */,
			);
			path = Components;
			sourceTree = "<group>";
		};
		F254D45C2857C9560009A2A0 /* Data */ = {
			isa = PBXGroup;
			children = (
				F2E2EC4B285CF06C00AF06CC /* Manager */,
				F2F093B327EE2F77005CCD09 /* Model */,
			);
			path = Data;
			sourceTree = "<group>";
		};
		F254D4612857CB1E0009A2A0 /* LaunchDetailsScreen */ = {
			isa = PBXGroup;
			children = (
				F254D4622857CB2C0009A2A0 /* Components */,
				F2396D262844060E0084DF79 /* LaunchDetailViewController.swift */,
			);
			path = LaunchDetailsScreen;
			sourceTree = "<group>";
		};
		F254D4622857CB2C0009A2A0 /* Components */ = {
			isa = PBXGroup;
			children = (
				F254D454285792160009A2A0 /* RocketSectionStackView.swift */,
				F254D45628579E8B0009A2A0 /* LaunchSectionStackView.swift */,
				F254D4582857A19B0009A2A0 /* LaunchpadSectionStackView.swift */,
			);
			path = Components;
			sourceTree = "<group>";
		};
		F2E2EC4B285CF06C00AF06CC /* Manager */ = {
			isa = PBXGroup;
			children = (
				F254D45D2857C9660009A2A0 /* DataManager.swift */,
			);
			path = Manager;
			sourceTree = "<group>";
		};
		F2F0936F27EE2817005CCD09 = {
			isa = PBXGroup;
			children = (
				F2F0937927EE2818005CCD09 /* Products */,
				F2F0937A27EE2818005CCD09 /* TrackX */,
				F2F0939127EE2819005CCD09 /* TrackXTests */,
				F2F0939B27EE2819005CCD09 /* TrackXUITests */,
			);
			sourceTree = "<group>";
		};
		F2F0937927EE2818005CCD09 /* Products */ = {
			isa = PBXGroup;
			children = (
				F2F0937827EE2818005CCD09 /* TrackX.app */,
				F2F0938E27EE2819005CCD09 /* TrackXTests.xctest */,
				F2F0939827EE2819005CCD09 /* TrackXUITests.xctest */,
			);
			name = Products;
			sourceTree = "<group>";
		};
		F2F0937A27EE2818005CCD09 /* TrackX */ = {
			isa = PBXGroup;
			children = (
				F2F093AB27EE2829005CCD09 /* Application */,
				F254D45C2857C9560009A2A0 /* Data */,
				F2396D28284552270084DF79 /* Networking */,
				F2F093AD27EE2870005CCD09 /* Presentation */,
			);
			path = TrackX;
			sourceTree = "<group>";
		};
		F2F0939127EE2819005CCD09 /* TrackXTests */ = {
			isa = PBXGroup;
			children = (
				F2F0939227EE2819005CCD09 /* TrackXTests.swift */,
			);
			path = TrackXTests;
			sourceTree = "<group>";
		};
		F2F0939B27EE2819005CCD09 /* TrackXUITests */ = {
			isa = PBXGroup;
			children = (
				F2F0939C27EE2819005CCD09 /* TrackXUITests.swift */,
				F2F0939E27EE2819005CCD09 /* TrackXUITestsLaunchTests.swift */,
			);
			path = TrackXUITests;
			sourceTree = "<group>";
		};
		F2F093AB27EE2829005CCD09 /* Application */ = {
			isa = PBXGroup;
			children = (
				F2F0937B27EE2818005CCD09 /* AppDelegate.swift */,
				F2F0937D27EE2818005CCD09 /* SceneDelegate.swift */,
				F2F093AC27EE2833005CCD09 /* Resources */,
			);
			path = Application;
			sourceTree = "<group>";
		};
		F2F093AC27EE2833005CCD09 /* Resources */ = {
			isa = PBXGroup;
			children = (
				F2F234552853E66000CAB70C /* Fonts */,
				F2F0938427EE2819005CCD09 /* Assets.xcassets */,
				F2F0938927EE2819005CCD09 /* Info.plist */,
			);
			path = Resources;
			sourceTree = "<group>";
		};
		F2F093AD27EE2870005CCD09 /* Presentation */ = {
			isa = PBXGroup;
			children = (
				F2F2343C284FF68A00CAB70C /* Components */,
				F254D4612857CB1E0009A2A0 /* LaunchDetailsScreen */,
				F2F093B727EE34B5005CCD09 /* LaunchesScreen */,
				F2F0938627EE2819005CCD09 /* LaunchScreen.storyboard */,
				F2F093AE27EE2B9C005CCD09 /* Utilities */,
			);
			path = Presentation;
			sourceTree = "<group>";
		};
		F2F093AE27EE2B9C005CCD09 /* Utilities */ = {
			isa = PBXGroup;
			children = (
				F2F2343A284D6A6500CAB70C /* StringFormatting.swift */,
				F2F234432850079A00CAB70C /* UIImageView+Extensions.swift */,
				F2F093AF27EE2BBF005CCD09 /* UIView+Extensions.swift */,
				F2F2344F2853899C00CAB70C /* Date+Extensions.swift */,
				F2F2345A2854D21D00CAB70C /* UILabel+Extensions.swift */,
			);
			path = Utilities;
			sourceTree = "<group>";
		};
		F2F093B327EE2F77005CCD09 /* Model */ = {
			isa = PBXGroup;
			children = (
				F2396D502847AA120084DF79 /* Capsule.swift */,
				F2396D4E2847A9C40084DF79 /* Core.swift */,
				F2E2EC472859327D00AF06CC /* FullLaunch.swift */,
				F2396D4C2847A9A90084DF79 /* Landpad.swift */,
				F2F093B527EE2F8B005CCD09 /* Launch.swift */,
				F2396D4A2847A9A00084DF79 /* Launchpad.swift */,
				F2396D522847AA1C0084DF79 /* Payload.swift */,
				F2396D442846BADD0084DF79 /* Rocket.swift */,
			);
			path = Model;
			sourceTree = "<group>";
		};
		F2F093B727EE34B5005CCD09 /* LaunchesScreen */ = {
			isa = PBXGroup;
			children = (
				F2F0937F27EE2818005CCD09 /* LaunchViewController.swift */,
				F254D452285790720009A2A0 /* Components */,
			);
			path = LaunchesScreen;
			sourceTree = "<group>";
		};
		F2F2343C284FF68A00CAB70C /* Components */ = {
			isa = PBXGroup;
			children = (
				F2F2343D284FF6AA00CAB70C /* NameValueView.swift */,
				F2F2345E285636EB00CAB70C /* GradientView.swift */,
				F254D44C2857876F0009A2A0 /* HeadingLabel.swift */,
				F254D44E28578BFA0009A2A0 /* SubheadingLabel.swift */,
				F254D45028578DDB0009A2A0 /* BodyLabel.swift */,
				F254D4632857E19F0009A2A0 /* AccentSubheadingView.swift */,
			);
			path = Components;
			sourceTree = "<group>";
		};
		F2F234552853E66000CAB70C /* Fonts */ = {
			isa = PBXGroup;
			children = (
				F2F2345C28554FAC00CAB70C /* Rubik.ttf */,
				F2F234562853E66800CAB70C /* Archivo.ttf */,
				F2F234572853E6AB00CAB70C /* Archivo-Italic.ttf */,
			);
			path = Fonts;
			sourceTree = "<group>";
		};
/* End PBXGroup section */

/* Begin PBXNativeTarget section */
		F2F0937727EE2818005CCD09 /* TrackX */ = {
			isa = PBXNativeTarget;
			buildConfigurationList = F2F093A227EE2819005CCD09 /* Build configuration list for PBXNativeTarget "TrackX" */;
			buildPhases = (
				F2F0937427EE2818005CCD09 /* Sources */,
				F2F0937527EE2818005CCD09 /* Frameworks */,
				F2F0937627EE2818005CCD09 /* Resources */,
			);
			buildRules = (
			);
			dependencies = (
			);
			name = TrackX;
			packageProductDependencies = (
			);
			productName = TrackX;
			productReference = F2F0937827EE2818005CCD09 /* TrackX.app */;
			productType = "com.apple.product-type.application";
		};
		F2F0938D27EE2819005CCD09 /* TrackXTests */ = {
			isa = PBXNativeTarget;
			buildConfigurationList = F2F093A527EE2819005CCD09 /* Build configuration list for PBXNativeTarget "TrackXTests" */;
			buildPhases = (
				F2F0938A27EE2819005CCD09 /* Sources */,
				F2F0938B27EE2819005CCD09 /* Frameworks */,
				F2F0938C27EE2819005CCD09 /* Resources */,
			);
			buildRules = (
			);
			dependencies = (
				F2F0939027EE2819005CCD09 /* PBXTargetDependency */,
			);
			name = TrackXTests;
			productName = TrackXTests;
			productReference = F2F0938E27EE2819005CCD09 /* TrackXTests.xctest */;
			productType = "com.apple.product-type.bundle.unit-test";
		};
		F2F0939727EE2819005CCD09 /* TrackXUITests */ = {
			isa = PBXNativeTarget;
			buildConfigurationList = F2F093A827EE2819005CCD09 /* Build configuration list for PBXNativeTarget "TrackXUITests" */;
			buildPhases = (
				F2F0939427EE2819005CCD09 /* Sources */,
				F2F0939527EE2819005CCD09 /* Frameworks */,
				F2F0939627EE2819005CCD09 /* Resources */,
			);
			buildRules = (
			);
			dependencies = (
				F2F0939A27EE2819005CCD09 /* PBXTargetDependency */,
			);
			name = TrackXUITests;
			productName = TrackXUITests;
			productReference = F2F0939827EE2819005CCD09 /* TrackXUITests.xctest */;
			productType = "com.apple.product-type.bundle.ui-testing";
		};
/* End PBXNativeTarget section */

/* Begin PBXProject section */
		F2F0937027EE2817005CCD09 /* Project object */ = {
			isa = PBXProject;
			attributes = {
				BuildIndependentTargetsInParallel = 1;
				LastSwiftUpdateCheck = 1330;
				LastUpgradeCheck = 1330;
				TargetAttributes = {
					F2F0937727EE2818005CCD09 = {
						CreatedOnToolsVersion = 13.3;
					};
					F2F0938D27EE2819005CCD09 = {
						CreatedOnToolsVersion = 13.3;
						TestTargetID = F2F0937727EE2818005CCD09;
					};
					F2F0939727EE2819005CCD09 = {
						CreatedOnToolsVersion = 13.3;
						TestTargetID = F2F0937727EE2818005CCD09;
					};
				};
			};
			buildConfigurationList = F2F0937327EE2817005CCD09 /* Build configuration list for PBXProject "TrackX" */;
			compatibilityVersion = "Xcode 13.0";
			developmentRegion = en;
			hasScannedForEncodings = 0;
			knownRegions = (
				en,
				Base,
			);
			mainGroup = F2F0936F27EE2817005CCD09;
			packageReferences = (
			);
			productRefGroup = F2F0937927EE2818005CCD09 /* Products */;
			projectDirPath = "";
			projectRoot = "";
			targets = (
				F2F0937727EE2818005CCD09 /* TrackX */,
				F2F0938D27EE2819005CCD09 /* TrackXTests */,
				F2F0939727EE2819005CCD09 /* TrackXUITests */,
			);
		};
/* End PBXProject section */

/* Begin PBXResourcesBuildPhase section */
		F2F0937627EE2818005CCD09 /* Resources */ = {
			isa = PBXResourcesBuildPhase;
			buildActionMask = 2147483647;
			files = (
				F2F0938827EE2819005CCD09 /* LaunchScreen.storyboard in Resources */,
				F2F234592853ED4500CAB70C /* Archivo-Italic.ttf in Resources */,
				F2F0938527EE2819005CCD09 /* Assets.xcassets in Resources */,
				F2F2345D28554FAC00CAB70C /* Rubik.ttf in Resources */,
				F2F234582853ED4300CAB70C /* Archivo.ttf in Resources */,
			);
			runOnlyForDeploymentPostprocessing = 0;
		};
		F2F0938C27EE2819005CCD09 /* Resources */ = {
			isa = PBXResourcesBuildPhase;
			buildActionMask = 2147483647;
			files = (
			);
			runOnlyForDeploymentPostprocessing = 0;
		};
		F2F0939627EE2819005CCD09 /* Resources */ = {
			isa = PBXResourcesBuildPhase;
			buildActionMask = 2147483647;
			files = (
			);
			runOnlyForDeploymentPostprocessing = 0;
		};
/* End PBXResourcesBuildPhase section */

/* Begin PBXSourcesBuildPhase section */
		F2F0937427EE2818005CCD09 /* Sources */ = {
			isa = PBXSourcesBuildPhase;
			buildActionMask = 2147483647;
			files = (
				F2F0938027EE2818005CCD09 /* LaunchViewController.swift in Sources */,
				F2396D4B2847A9A10084DF79 /* Launchpad.swift in Sources */,
				F254D44F28578BFA0009A2A0 /* SubheadingLabel.swift in Sources */,
				F2F0937C27EE2818005CCD09 /* AppDelegate.swift in Sources */,
				F2F2343B284D6A6500CAB70C /* StringFormatting.swift in Sources */,
				F2F2344E2852968200CAB70C /* LaunchTablePrimaryCell.swift in Sources */,
				F254D45728579E8B0009A2A0 /* LaunchSectionStackView.swift in Sources */,
				F2F234442850079A00CAB70C /* UIImageView+Extensions.swift in Sources */,
				F2396D3B284558220084DF79 /* NetworkRouter.swift in Sources */,
				F2396D492847A9960084DF79 /* LandpadEndpoint.swift in Sources */,
				F2396D572847AB090084DF79 /* CapsuleEndpoint.swift in Sources */,
				F2E2EC4628592EC500AF06CC /* LaunchTableDataSource.swift in Sources */,
				F2F234502853899C00CAB70C /* Date+Extensions.swift in Sources */,
				F2396D452846BADD0084DF79 /* Rocket.swift in Sources */,
				F2396D432846B8770084DF79 /* RocketEndpoint.swift in Sources */,
				F2396D2F284552720084DF79 /* EndPointType.swift in Sources */,
				F254D44D2857876F0009A2A0 /* HeadingLabel.swift in Sources */,
				F254D45E2857C9660009A2A0 /* DataManager.swift in Sources */,
				F2F093B027EE2BBF005CCD09 /* UIView+Extensions.swift in Sources */,
				F2F2346128563A2900CAB70C /* LaunchTableSecondaryCell.swift in Sources */,
				F2396D472847A9770084DF79 /* LaunchpadEndpoint.swift in Sources */,
				F2F0937E27EE2818005CCD09 /* SceneDelegate.swift in Sources */,
				F2396D552847AB010084DF79 /* CoreEndpoint.swift in Sources */,
				F2396D512847AA120084DF79 /* Capsule.swift in Sources */,
				F2396D272844060E0084DF79 /* LaunchDetailViewController.swift in Sources */,
				F2E2EC482859327D00AF06CC /* FullLaunch.swift in Sources */,
				F2396D4D2847A9A90084DF79 /* Landpad.swift in Sources */,
				F254D4592857A19B0009A2A0 /* LaunchpadSectionStackView.swift in Sources */,
				F2396D4F2847A9C40084DF79 /* Core.swift in Sources */,
				F2396D35284553E00084DF79 /* ParameterEncoding.swift in Sources */,
				F2396D3D284558F20084DF79 /* Router.swift in Sources */,
				F2F2343E284FF6AA00CAB70C /* NameValueView.swift in Sources */,
				F2F2345F285636EB00CAB70C /* GradientView.swift in Sources */,
				F2396D3F28455C170084DF79 /* NetworkManager.swift in Sources */,
				F2F234522853A6F100CAB70C /* LaunchTableSectionHeader.swift in Sources */,
				F2396D372845559A0084DF79 /* URLParameterEncoder.swift in Sources */,
				F2396D332845531C0084DF79 /* HTTPTask.swift in Sources */,
				F2396D5B2848DE550084DF79 /* NetworkLogger.swift in Sources */,
				F2396D592847AB170084DF79 /* PayloadEndpoint.swift in Sources */,
				F254D4642857E19F0009A2A0 /* AccentSubheadingView.swift in Sources */,
				F2396D532847AA1C0084DF79 /* Payload.swift in Sources */,
				F254D45128578DDB0009A2A0 /* BodyLabel.swift in Sources */,
				F2F093B627EE2F8B005CCD09 /* Launch.swift in Sources */,
				F2051657285D3BC000584F11 /* LaunchEndpoint.swift in Sources */,
				F2396D31284552DB0084DF79 /* HTTPMethod.swift in Sources */,
				F2F2345B2854D21D00CAB70C /* UILabel+Extensions.swift in Sources */,
				F2396D39284557100084DF79 /* JSONParameterEncoder.swift in Sources */,
				F254D455285792160009A2A0 /* RocketSectionStackView.swift in Sources */,
			);
			runOnlyForDeploymentPostprocessing = 0;
		};
		F2F0938A27EE2819005CCD09 /* Sources */ = {
			isa = PBXSourcesBuildPhase;
			buildActionMask = 2147483647;
			files = (
				F2F0939327EE2819005CCD09 /* TrackXTests.swift in Sources */,
			);
			runOnlyForDeploymentPostprocessing = 0;
		};
		F2F0939427EE2819005CCD09 /* Sources */ = {
			isa = PBXSourcesBuildPhase;
			buildActionMask = 2147483647;
			files = (
				F2F0939D27EE2819005CCD09 /* TrackXUITests.swift in Sources */,
				F2F0939F27EE2819005CCD09 /* TrackXUITestsLaunchTests.swift in Sources */,
			);
			runOnlyForDeploymentPostprocessing = 0;
		};
/* End PBXSourcesBuildPhase section */

/* Begin PBXTargetDependency section */
		F2F0939027EE2819005CCD09 /* PBXTargetDependency */ = {
			isa = PBXTargetDependency;
			target = F2F0937727EE2818005CCD09 /* TrackX */;
			targetProxy = F2F0938F27EE2819005CCD09 /* PBXContainerItemProxy */;
		};
		F2F0939A27EE2819005CCD09 /* PBXTargetDependency */ = {
			isa = PBXTargetDependency;
			target = F2F0937727EE2818005CCD09 /* TrackX */;
			targetProxy = F2F0939927EE2819005CCD09 /* PBXContainerItemProxy */;
		};
/* End PBXTargetDependency section */

/* Begin PBXVariantGroup section */
		F2F0938627EE2819005CCD09 /* LaunchScreen.storyboard */ = {
			isa = PBXVariantGroup;
			children = (
				F2F0938727EE2819005CCD09 /* Base */,
			);
			name = LaunchScreen.storyboard;
			sourceTree = "<group>";
		};
/* End PBXVariantGroup section */

/* Begin XCBuildConfiguration section */
		F2F093A027EE2819005CCD09 /* Debug */ = {
			isa = XCBuildConfiguration;
			buildSettings = {
				ALWAYS_SEARCH_USER_PATHS = NO;
				CLANG_ANALYZER_NONNULL = YES;
				CLANG_ANALYZER_NUMBER_OBJECT_CONVERSION = YES_AGGRESSIVE;
				CLANG_CXX_LANGUAGE_STANDARD = "gnu++17";
				CLANG_ENABLE_MODULES = YES;
				CLANG_ENABLE_OBJC_ARC = YES;
				CLANG_ENABLE_OBJC_WEAK = YES;
				CLANG_WARN_BLOCK_CAPTURE_AUTORELEASING = YES;
				CLANG_WARN_BOOL_CONVERSION = YES;
				CLANG_WARN_COMMA = YES;
				CLANG_WARN_CONSTANT_CONVERSION = YES;
				CLANG_WARN_DEPRECATED_OBJC_IMPLEMENTATIONS = YES;
				CLANG_WARN_DIRECT_OBJC_ISA_USAGE = YES_ERROR;
				CLANG_WARN_DOCUMENTATION_COMMENTS = YES;
				CLANG_WARN_EMPTY_BODY = YES;
				CLANG_WARN_ENUM_CONVERSION = YES;
				CLANG_WARN_INFINITE_RECURSION = YES;
				CLANG_WARN_INT_CONVERSION = YES;
				CLANG_WARN_NON_LITERAL_NULL_CONVERSION = YES;
				CLANG_WARN_OBJC_IMPLICIT_RETAIN_SELF = YES;
				CLANG_WARN_OBJC_LITERAL_CONVERSION = YES;
				CLANG_WARN_OBJC_ROOT_CLASS = YES_ERROR;
				CLANG_WARN_QUOTED_INCLUDE_IN_FRAMEWORK_HEADER = YES;
				CLANG_WARN_RANGE_LOOP_ANALYSIS = YES;
				CLANG_WARN_STRICT_PROTOTYPES = YES;
				CLANG_WARN_SUSPICIOUS_MOVE = YES;
				CLANG_WARN_UNGUARDED_AVAILABILITY = YES_AGGRESSIVE;
				CLANG_WARN_UNREACHABLE_CODE = YES;
				CLANG_WARN__DUPLICATE_METHOD_MATCH = YES;
				COPY_PHASE_STRIP = NO;
				DEBUG_INFORMATION_FORMAT = dwarf;
				ENABLE_STRICT_OBJC_MSGSEND = YES;
				ENABLE_TESTABILITY = YES;
				GCC_C_LANGUAGE_STANDARD = gnu11;
				GCC_DYNAMIC_NO_PIC = NO;
				GCC_NO_COMMON_BLOCKS = YES;
				GCC_OPTIMIZATION_LEVEL = 0;
				GCC_PREPROCESSOR_DEFINITIONS = (
					"DEBUG=1",
					"$(inherited)",
				);
				GCC_WARN_64_TO_32_BIT_CONVERSION = YES;
				GCC_WARN_ABOUT_RETURN_TYPE = YES_ERROR;
				GCC_WARN_UNDECLARED_SELECTOR = YES;
				GCC_WARN_UNINITIALIZED_AUTOS = YES_AGGRESSIVE;
				GCC_WARN_UNUSED_FUNCTION = YES;
				GCC_WARN_UNUSED_VARIABLE = YES;
				IPHONEOS_DEPLOYMENT_TARGET = 15.4;
				MTL_ENABLE_DEBUG_INFO = INCLUDE_SOURCE;
				MTL_FAST_MATH = YES;
				ONLY_ACTIVE_ARCH = YES;
				SDKROOT = iphoneos;
				SWIFT_ACTIVE_COMPILATION_CONDITIONS = DEBUG;
				SWIFT_OPTIMIZATION_LEVEL = "-Onone";
			};
			name = Debug;
		};
		F2F093A127EE2819005CCD09 /* Release */ = {
			isa = XCBuildConfiguration;
			buildSettings = {
				ALWAYS_SEARCH_USER_PATHS = NO;
				CLANG_ANALYZER_NONNULL = YES;
				CLANG_ANALYZER_NUMBER_OBJECT_CONVERSION = YES_AGGRESSIVE;
				CLANG_CXX_LANGUAGE_STANDARD = "gnu++17";
				CLANG_ENABLE_MODULES = YES;
				CLANG_ENABLE_OBJC_ARC = YES;
				CLANG_ENABLE_OBJC_WEAK = YES;
				CLANG_WARN_BLOCK_CAPTURE_AUTORELEASING = YES;
				CLANG_WARN_BOOL_CONVERSION = YES;
				CLANG_WARN_COMMA = YES;
				CLANG_WARN_CONSTANT_CONVERSION = YES;
				CLANG_WARN_DEPRECATED_OBJC_IMPLEMENTATIONS = YES;
				CLANG_WARN_DIRECT_OBJC_ISA_USAGE = YES_ERROR;
				CLANG_WARN_DOCUMENTATION_COMMENTS = YES;
				CLANG_WARN_EMPTY_BODY = YES;
				CLANG_WARN_ENUM_CONVERSION = YES;
				CLANG_WARN_INFINITE_RECURSION = YES;
				CLANG_WARN_INT_CONVERSION = YES;
				CLANG_WARN_NON_LITERAL_NULL_CONVERSION = YES;
				CLANG_WARN_OBJC_IMPLICIT_RETAIN_SELF = YES;
				CLANG_WARN_OBJC_LITERAL_CONVERSION = YES;
				CLANG_WARN_OBJC_ROOT_CLASS = YES_ERROR;
				CLANG_WARN_QUOTED_INCLUDE_IN_FRAMEWORK_HEADER = YES;
				CLANG_WARN_RANGE_LOOP_ANALYSIS = YES;
				CLANG_WARN_STRICT_PROTOTYPES = YES;
				CLANG_WARN_SUSPICIOUS_MOVE = YES;
				CLANG_WARN_UNGUARDED_AVAILABILITY = YES_AGGRESSIVE;
				CLANG_WARN_UNREACHABLE_CODE = YES;
				CLANG_WARN__DUPLICATE_METHOD_MATCH = YES;
				COPY_PHASE_STRIP = NO;
				DEBUG_INFORMATION_FORMAT = "dwarf-with-dsym";
				ENABLE_NS_ASSERTIONS = NO;
				ENABLE_STRICT_OBJC_MSGSEND = YES;
				GCC_C_LANGUAGE_STANDARD = gnu11;
				GCC_NO_COMMON_BLOCKS = YES;
				GCC_WARN_64_TO_32_BIT_CONVERSION = YES;
				GCC_WARN_ABOUT_RETURN_TYPE = YES_ERROR;
				GCC_WARN_UNDECLARED_SELECTOR = YES;
				GCC_WARN_UNINITIALIZED_AUTOS = YES_AGGRESSIVE;
				GCC_WARN_UNUSED_FUNCTION = YES;
				GCC_WARN_UNUSED_VARIABLE = YES;
				IPHONEOS_DEPLOYMENT_TARGET = 15.4;
				MTL_ENABLE_DEBUG_INFO = NO;
				MTL_FAST_MATH = YES;
				SDKROOT = iphoneos;
				SWIFT_COMPILATION_MODE = wholemodule;
				SWIFT_OPTIMIZATION_LEVEL = "-O";
				VALIDATE_PRODUCT = YES;
			};
			name = Release;
		};
		F2F093A327EE2819005CCD09 /* Debug */ = {
			isa = XCBuildConfiguration;
			buildSettings = {
				ASSETCATALOG_COMPILER_APPICON_NAME = AppIcon;
				ASSETCATALOG_COMPILER_GLOBAL_ACCENT_COLOR_NAME = AccentColor;
				CODE_SIGN_STYLE = Automatic;
				CURRENT_PROJECT_VERSION = 1;
				DEVELOPMENT_TEAM = 36LYYU944F;
				GENERATE_INFOPLIST_FILE = YES;
				INFOPLIST_FILE = TrackX/Application/Resources/Info.plist;
				INFOPLIST_KEY_UIApplicationSupportsIndirectInputEvents = YES;
				INFOPLIST_KEY_UILaunchStoryboardName = LaunchScreen;
				INFOPLIST_KEY_UISupportedInterfaceOrientations = UIInterfaceOrientationPortrait;
				INFOPLIST_KEY_UISupportedInterfaceOrientations_iPad = "UIInterfaceOrientationPortrait UIInterfaceOrientationPortraitUpsideDown UIInterfaceOrientationLandscapeLeft UIInterfaceOrientationLandscapeRight";
				INFOPLIST_KEY_UISupportedInterfaceOrientations_iPhone = "UIInterfaceOrientationPortrait UIInterfaceOrientationLandscapeLeft UIInterfaceOrientationLandscapeRight";
				IPHONEOS_DEPLOYMENT_TARGET = 14.0;
				LD_RUNPATH_SEARCH_PATHS = (
					"$(inherited)",
					"@executable_path/Frameworks",
				);
				MARKETING_VERSION = 1.0;
				PRODUCT_BUNDLE_IDENTIFIER = co.stenning.TrackX;
				PRODUCT_NAME = "$(TARGET_NAME)";
				SWIFT_EMIT_LOC_STRINGS = YES;
				SWIFT_VERSION = 5.0;
				TARGETED_DEVICE_FAMILY = 1;
			};
			name = Debug;
		};
		F2F093A427EE2819005CCD09 /* Release */ = {
			isa = XCBuildConfiguration;
			buildSettings = {
				ASSETCATALOG_COMPILER_APPICON_NAME = AppIcon;
				ASSETCATALOG_COMPILER_GLOBAL_ACCENT_COLOR_NAME = AccentColor;
				CODE_SIGN_STYLE = Automatic;
				CURRENT_PROJECT_VERSION = 1;
				DEVELOPMENT_TEAM = 36LYYU944F;
				GENERATE_INFOPLIST_FILE = YES;
				INFOPLIST_FILE = TrackX/Application/Resources/Info.plist;
				INFOPLIST_KEY_UIApplicationSupportsIndirectInputEvents = YES;
				INFOPLIST_KEY_UILaunchStoryboardName = LaunchScreen;
				INFOPLIST_KEY_UISupportedInterfaceOrientations = UIInterfaceOrientationPortrait;
				INFOPLIST_KEY_UISupportedInterfaceOrientations_iPad = "UIInterfaceOrientationPortrait UIInterfaceOrientationPortraitUpsideDown UIInterfaceOrientationLandscapeLeft UIInterfaceOrientationLandscapeRight";
				INFOPLIST_KEY_UISupportedInterfaceOrientations_iPhone = "UIInterfaceOrientationPortrait UIInterfaceOrientationLandscapeLeft UIInterfaceOrientationLandscapeRight";
				IPHONEOS_DEPLOYMENT_TARGET = 14.0;
				LD_RUNPATH_SEARCH_PATHS = (
					"$(inherited)",
					"@executable_path/Frameworks",
				);
				MARKETING_VERSION = 1.0;
				PRODUCT_BUNDLE_IDENTIFIER = co.stenning.TrackX;
				PRODUCT_NAME = "$(TARGET_NAME)";
				SWIFT_EMIT_LOC_STRINGS = YES;
				SWIFT_VERSION = 5.0;
				TARGETED_DEVICE_FAMILY = 1;
			};
			name = Release;
		};
		F2F093A627EE2819005CCD09 /* Debug */ = {
			isa = XCBuildConfiguration;
			buildSettings = {
				ALWAYS_EMBED_SWIFT_STANDARD_LIBRARIES = YES;
				BUNDLE_LOADER = "$(TEST_HOST)";
				CODE_SIGN_STYLE = Automatic;
				CURRENT_PROJECT_VERSION = 1;
				DEVELOPMENT_TEAM = 36LYYU944F;
				GENERATE_INFOPLIST_FILE = YES;
				IPHONEOS_DEPLOYMENT_TARGET = 15.4;
				MARKETING_VERSION = 1.0;
				PRODUCT_BUNDLE_IDENTIFIER = co.stenning.TrackXTests;
				PRODUCT_NAME = "$(TARGET_NAME)";
				SWIFT_EMIT_LOC_STRINGS = NO;
				SWIFT_VERSION = 5.0;
				TARGETED_DEVICE_FAMILY = "1,2";
				TEST_HOST = "$(BUILT_PRODUCTS_DIR)/TrackX.app/TrackX";
			};
			name = Debug;
		};
		F2F093A727EE2819005CCD09 /* Release */ = {
			isa = XCBuildConfiguration;
			buildSettings = {
				ALWAYS_EMBED_SWIFT_STANDARD_LIBRARIES = YES;
				BUNDLE_LOADER = "$(TEST_HOST)";
				CODE_SIGN_STYLE = Automatic;
				CURRENT_PROJECT_VERSION = 1;
				DEVELOPMENT_TEAM = 36LYYU944F;
				GENERATE_INFOPLIST_FILE = YES;
				IPHONEOS_DEPLOYMENT_TARGET = 15.4;
				MARKETING_VERSION = 1.0;
				PRODUCT_BUNDLE_IDENTIFIER = co.stenning.TrackXTests;
				PRODUCT_NAME = "$(TARGET_NAME)";
				SWIFT_EMIT_LOC_STRINGS = NO;
				SWIFT_VERSION = 5.0;
				TARGETED_DEVICE_FAMILY = "1,2";
				TEST_HOST = "$(BUILT_PRODUCTS_DIR)/TrackX.app/TrackX";
			};
			name = Release;
		};
		F2F093A927EE2819005CCD09 /* Debug */ = {
			isa = XCBuildConfiguration;
			buildSettings = {
				ALWAYS_EMBED_SWIFT_STANDARD_LIBRARIES = YES;
				CODE_SIGN_STYLE = Automatic;
				CURRENT_PROJECT_VERSION = 1;
				DEVELOPMENT_TEAM = 36LYYU944F;
				GENERATE_INFOPLIST_FILE = YES;
				MARKETING_VERSION = 1.0;
				PRODUCT_BUNDLE_IDENTIFIER = co.stenning.TrackXUITests;
				PRODUCT_NAME = "$(TARGET_NAME)";
				SWIFT_EMIT_LOC_STRINGS = NO;
				SWIFT_VERSION = 5.0;
				TARGETED_DEVICE_FAMILY = "1,2";
				TEST_TARGET_NAME = TrackX;
			};
			name = Debug;
		};
		F2F093AA27EE2819005CCD09 /* Release */ = {
			isa = XCBuildConfiguration;
			buildSettings = {
				ALWAYS_EMBED_SWIFT_STANDARD_LIBRARIES = YES;
				CODE_SIGN_STYLE = Automatic;
				CURRENT_PROJECT_VERSION = 1;
				DEVELOPMENT_TEAM = 36LYYU944F;
				GENERATE_INFOPLIST_FILE = YES;
				MARKETING_VERSION = 1.0;
				PRODUCT_BUNDLE_IDENTIFIER = co.stenning.TrackXUITests;
				PRODUCT_NAME = "$(TARGET_NAME)";
				SWIFT_EMIT_LOC_STRINGS = NO;
				SWIFT_VERSION = 5.0;
				TARGETED_DEVICE_FAMILY = "1,2";
				TEST_TARGET_NAME = TrackX;
			};
			name = Release;
		};
/* End XCBuildConfiguration section */

/* Begin XCConfigurationList section */
		F2F0937327EE2817005CCD09 /* Build configuration list for PBXProject "TrackX" */ = {
			isa = XCConfigurationList;
			buildConfigurations = (
				F2F093A027EE2819005CCD09 /* Debug */,
				F2F093A127EE2819005CCD09 /* Release */,
			);
			defaultConfigurationIsVisible = 0;
			defaultConfigurationName = Release;
		};
		F2F093A227EE2819005CCD09 /* Build configuration list for PBXNativeTarget "TrackX" */ = {
			isa = XCConfigurationList;
			buildConfigurations = (
				F2F093A327EE2819005CCD09 /* Debug */,
				F2F093A427EE2819005CCD09 /* Release */,
			);
			defaultConfigurationIsVisible = 0;
			defaultConfigurationName = Release;
		};
		F2F093A527EE2819005CCD09 /* Build configuration list for PBXNativeTarget "TrackXTests" */ = {
			isa = XCConfigurationList;
			buildConfigurations = (
				F2F093A627EE2819005CCD09 /* Debug */,
				F2F093A727EE2819005CCD09 /* Release */,
			);
			defaultConfigurationIsVisible = 0;
			defaultConfigurationName = Release;
		};
		F2F093A827EE2819005CCD09 /* Build configuration list for PBXNativeTarget "TrackXUITests" */ = {
			isa = XCConfigurationList;
			buildConfigurations = (
				F2F093A927EE2819005CCD09 /* Debug */,
				F2F093AA27EE2819005CCD09 /* Release */,
			);
			defaultConfigurationIsVisible = 0;
			defaultConfigurationName = Release;
		};
/* End XCConfigurationList section */
	};
	rootObject = F2F0937027EE2817005CCD09 /* Project object */;
}
